
Microsoft Visual Studio Solution File, Format Version 12.00
# Visual Studio 15
VisualStudioVersion = 15.0.28307.329
MinimumVisualStudioVersion = 10.0.40219.1
Project("{FAE04EC0-301F-11D3-BF4B-00C04F79EFBC}") = "KeyBoardHelper", "KeyBoardHelper\KeyBoardHelper.csproj", "{AEB1EB22-7271-4D34-9D20-FC52CD107D87}"
EndProject
Global
	GlobalSection(SolutionConfigurationPlatforms) = preSolution
		Debug|Any CPU = Debug|Any CPU
		Release|Any CPU = Release|Any CPU
	EndGlobalSection
	GlobalSection(ProjectConfigurationPlatforms) = postSolution
		{AEB1EB22-7271-4D34-9D20-FC52CD107D87}.Debug|Any CPU.ActiveCfg = Debug|Any CPU
		{AEB1EB22-7271-4D34-9D20-FC52CD107D87}.Debug|Any CPU.Build.0 = Debug|Any CPU
		{AEB1EB22-7271-4D34-9D20-FC52CD107D87}.Release|Any CPU.ActiveCfg = Release|Any CPU
		{AEB1EB22-7271-4D34-9D20-FC52CD107D87}.Release|Any CPU.Build.0 = Release|Any CPU
	EndGlobalSection
	GlobalSection(SolutionProperties) = preSolution
		HideSolutionNode = FALSE
	EndGlobalSection
	GlobalSection(ExtensibilityGlobals) = postSolution
		SolutionGuid = {D1A95BCB-E209-46F3-A1ED-F42D072DF477}
	EndGlobalSection
EndGlobal
